// !$*UTF8*$!
{
	archiveVersion = 1;
	classes = {
	};
	objectVersion = 48;
	objects = {

/* Begin PBXBuildFile section */
		00B84AA907BD2D9324E8268B /* libPods-KNPodlibDemo.a in Frameworks */ = {isa = PBXBuildFile; fileRef = 34AEAD26E55432CB2D496B4A /* libPods-KNPodlibDemo.a */; };
		E109478D2092EB1300A1E659 /* AppDelegate.m in Sources */ = {isa = PBXBuildFile; fileRef = E109478C2092EB1300A1E659 /* AppDelegate.m */; };
		E10947902092EB1400A1E659 /* ViewController.m in Sources */ = {isa = PBXBuildFile; fileRef = E109478F2092EB1400A1E659 /* ViewController.m */; };
		E10947932092EB1400A1E659 /* Main.storyboard in Resources */ = {isa = PBXBuildFile; fileRef = E10947912092EB1400A1E659 /* Main.storyboard */; };
		E10947952092EB1400A1E659 /* Assets.xcassets in Resources */ = {isa = PBXBuildFile; fileRef = E10947942092EB1400A1E659 /* Assets.xcassets */; };
		E10947982092EB1400A1E659 /* LaunchScreen.storyboard in Resources */ = {isa = PBXBuildFile; fileRef = E10947962092EB1400A1E659 /* LaunchScreen.storyboard */; };
		E109479B2092EB1400A1E659 /* main.m in Sources */ = {isa = PBXBuildFile; fileRef = E109479A2092EB1400A1E659 /* main.m */; };
/* End PBXBuildFile section */

/* Begin PBXFileReference section */
		34AEAD26E55432CB2D496B4A /* libPods-KNPodlibDemo.a */ = {isa = PBXFileReference; explicitFileType = archive.ar; includeInIndex = 0; path = "libPods-KNPodlibDemo.a"; sourceTree = BUILT_PRODUCTS_DIR; };
		E10947882092EB1300A1E659 /* KNPodlibDemo.app */ = {isa = PBXFileReference; explicitFileType = wrapper.application; includeInIndex = 0; path = KNPodlibDemo.app; sourceTree = BUILT_PRODUCTS_DIR; };
		E109478B2092EB1300A1E659 /* AppDelegate.h */ = {isa = PBXFileReference; lastKnownFileType = sourcecode.c.h; path = AppDelegate.h; sourceTree = "<group>"; };
		E109478C2092EB1300A1E659 /* AppDelegate.m */ = {isa = PBXFileReference; lastKnownFileType = sourcecode.c.objc; path = AppDelegate.m; sourceTree = "<group>"; };
		E109478E2092EB1400A1E659 /* ViewController.h */ = {isa = PBXFileReference; lastKnownFileType = sourcecode.c.h; path = ViewController.h; sourceTree = "<group>"; };
		E109478F2092EB1400A1E659 /* ViewController.m */ = {isa = PBXFileReference; lastKnownFileType = sourcecode.c.objc; path = ViewController.m; sourceTree = "<group>"; };
		E10947922092EB1400A1E659 /* Base */ = {isa = PBXFileReference; lastKnownFileType = file.storyboard; name = Base; path = Base.lproj/Main.storyboard; sourceTree = "<group>"; };
		E10947942092EB1400A1E659 /* Assets.xcassets */ = {isa = PBXFileReference; lastKnownFileType = folder.assetcatalog; path = Assets.xcassets; sourceTree = "<group>"; };
		E10947972092EB1400A1E659 /* Base */ = {isa = PBXFileReference; lastKnownFileType = file.storyboard; name = Base; path = Base.lproj/LaunchScreen.storyboard; sourceTree = "<group>"; };
		E10947992092EB1400A1E659 /* Info.plist */ = {isa = PBXFileReference; lastKnownFileType = text.plist.xml; path = Info.plist; sourceTree = "<group>"; };
		E109479A2092EB1400A1E659 /* main.m */ = {isa = PBXFileReference; lastKnownFileType = sourcecode.c.objc; path = main.m; sourceTree = "<group>"; };
		E95D561A202D9CE87DE078E8 /* Pods-KNPodlibDemo.debug.xcconfig */ = {isa = PBXFileReference; includeInIndex = 1; lastKnownFileType = text.xcconfig; name = "Pods-KNPodlibDemo.debug.xcconfig"; path = "Pods/Target Support Files/Pods-KNPodlibDemo/Pods-KNPodlibDemo.debug.xcconfig"; sourceTree = "<group>"; };
		FF206C255DEC9B294C6B99D7 /* Pods-KNPodlibDemo.release.xcconfig */ = {isa = PBXFileReference; includeInIndex = 1; lastKnownFileType = text.xcconfig; name = "Pods-KNPodlibDemo.release.xcconfig"; path = "Pods/Target Support Files/Pods-KNPodlibDemo/Pods-KNPodlibDemo.release.xcconfig"; sourceTree = "<group>"; };
/* End PBXFileReference section */

/* Begin PBXFrameworksBuildPhase section */
		E10947852092EB1300A1E659 /* Frameworks */ = {
			isa = PBXFrameworksBuildPhase;
			buildActionMask = 2147483647;
			files = (
				00B84AA907BD2D9324E8268B /* libPods-KNPodlibDemo.a in Frameworks */,
			);
			runOnlyForDeploymentPostprocessing = 0;
		};
/* End PBXFrameworksBuildPhase section */

/* Begin PBXGroup section */
		957D434D14AB2A257C3ABBA8 /* Frameworks */ = {
			isa = PBXGroup;
			children = (
				34AEAD26E55432CB2D496B4A /* libPods-KNPodlibDemo.a */,
			);
			name = Frameworks;
			sourceTree = "<group>";
		};
		99E2BEA21C39FB2D0C6502A7 /* Pods */ = {
			isa = PBXGroup;
			children = (
				E95D561A202D9CE87DE078E8 /* Pods-KNPodlibDemo.debug.xcconfig */,
				FF206C255DEC9B294C6B99D7 /* Pods-KNPodlibDemo.release.xcconfig */,
			);
			name = Pods;
			sourceTree = "<group>";
		};
		E109477F2092EB1300A1E659 = {
			isa = PBXGroup;
			children = (
				E109478A2092EB1300A1E659 /* KNPodlibDemo */,
				E10947892092EB1300A1E659 /* Products */,
				99E2BEA21C39FB2D0C6502A7 /* Pods */,
				957D434D14AB2A257C3ABBA8 /* Frameworks */,
			);
			sourceTree = "<group>";
		};
		E10947892092EB1300A1E659 /* Products */ = {
			isa = PBXGroup;
			children = (
				E10947882092EB1300A1E659 /* KNPodlibDemo.app */,
			);
			name = Products;
			sourceTree = "<group>";
		};
		E109478A2092EB1300A1E659 /* KNPodlibDemo */ = {
			isa = PBXGroup;
			children = (
				E109478B2092EB1300A1E659 /* AppDelegate.h */,
				E109478C2092EB1300A1E659 /* AppDelegate.m */,
				E109478E2092EB1400A1E659 /* ViewController.h */,
				E109478F2092EB1400A1E659 /* ViewController.m */,
				E10947912092EB1400A1E659 /* Main.storyboard */,
				E10947942092EB1400A1E659 /* Assets.xcassets */,
				E10947962092EB1400A1E659 /* LaunchScreen.storyboard */,
				E10947992092EB1400A1E659 /* Info.plist */,
				E109479A2092EB1400A1E659 /* main.m */,
			);
			path = KNPodlibDemo;
			sourceTree = "<group>";
		};
/* End PBXGroup section */

/* Begin PBXNativeTarget section */
		E10947872092EB1300A1E659 /* KNPodlibDemo */ = {
			isa = PBXNativeTarget;
			buildConfigurationList = E109479E2092EB1400A1E659 /* Build configuration list for PBXNativeTarget "KNPodlibDemo" */;
			buildPhases = (
				D82B24F3CF3267E132D117C2 /* [CP] Check Pods Manifest.lock */,
				E10947842092EB1300A1E659 /* Sources */,
				E10947852092EB1300A1E659 /* Frameworks */,
				E10947862092EB1300A1E659 /* Resources */,
				5DAA68394ACE9E5B634527C4 /* [CP] Embed Pods Frameworks */,
				5097E23131A6D284A2EC0A4F /* [CP] Copy Pods Resources */,
			);
			buildRules = (
			);
			dependencies = (
			);
			name = KNPodlibDemo;
			productName = KNPodlibDemo;
			productReference = E10947882092EB1300A1E659 /* KNPodlibDemo.app */;
			productType = "com.apple.product-type.application";
		};
/* End PBXNativeTarget section */

/* Begin PBXProject section */
		E10947802092EB1300A1E659 /* Project object */ = {
			isa = PBXProject;
			attributes = {
				LastUpgradeCheck = 0910;
				ORGANIZATIONNAME = devzkn;
				TargetAttributes = {
					E10947872092EB1300A1E659 = {
						CreatedOnToolsVersion = 9.1;
						ProvisioningStyle = Automatic;
					};
				};
			};
			buildConfigurationList = E10947832092EB1300A1E659 /* Build configuration list for PBXProject "KNPodlibDemo" */;
			compatibilityVersion = "Xcode 8.0";
			developmentRegion = en;
			hasScannedForEncodings = 0;
			knownRegions = (
				en,
				Base,
			);
			mainGroup = E109477F2092EB1300A1E659;
			productRefGroup = E10947892092EB1300A1E659 /* Products */;
			projectDirPath = "";
			projectRoot = "";
			targets = (
				E10947872092EB1300A1E659 /* KNPodlibDemo */,
			);
		};
/* End PBXProject section */

/* Begin PBXResourcesBuildPhase section */
		E10947862092EB1300A1E659 /* Resources */ = {
			isa = PBXResourcesBuildPhase;
			buildActionMask = 2147483647;
			files = (
				E10947982092EB1400A1E659 /* LaunchScreen.storyboard in Resources */,
				E10947952092EB1400A1E659 /* Assets.xcassets in Resources */,
				E10947932092EB1400A1E659 /* Main.storyboard in Resources */,
			);
			runOnlyForDeploymentPostprocessing = 0;
		};
/* End PBXResourcesBuildPhase section */

/* Begin PBXShellScriptBuildPhase section */
		5097E23131A6D284A2EC0A4F /* [CP] Copy Pods Resources */ = {
			isa = PBXShellScriptBuildPhase;
			buildActionMask = 2147483647;
			files = (
			);
			inputPaths = (
				"${SRCROOT}/Pods/Target Support Files/Pods-KNPodlibDemo/Pods-KNPodlibDemo-resources.sh",
				"${PODS_CONFIGURATION_BUILD_DIR}/KNPodlib/KNPodlib.bundle",
			);
			name = "[CP] Copy Pods Resources";
			outputPaths = (
				"${TARGET_BUILD_DIR}/${UNLOCALIZED_RESOURCES_FOLDER_PATH}/KNPodlib.bundle",
			);
			runOnlyForDeploymentPostprocessing = 0;
			shellPath = /bin/sh;
			shellScript = "\"${SRCROOT}/Pods/Target Support Files/Pods-KNPodlibDemo/Pods-KNPodlibDemo-resources.sh\"\n";
			showEnvVarsInLog = 0;
		};
		5DAA68394ACE9E5B634527C4 /* [CP] Embed Pods Frameworks */ = {
			isa = PBXShellScriptBuildPhase;
			buildActionMask = 2147483647;
			files = (
			);
			inputPaths = (
			);
			name = "[CP] Embed Pods Frameworks";
			outputPaths = (
			);
			runOnlyForDeploymentPostprocessing = 0;
			shellPath = /bin/sh;
			shellScript = "\"${SRCROOT}/Pods/Target Support Files/Pods-KNPodlibDemo/Pods-KNPodlibDemo-frameworks.sh\"\n";
			showEnvVarsInLog = 0;
		};
		D82B24F3CF3267E132D117C2 /* [CP] Check Pods Manifest.lock */ = {
			isa = PBXShellScriptBuildPhase;
			buildActionMask = 2147483647;
			files = (
			);
			inputPaths = (
				"${PODS_PODFILE_DIR_PATH}/Podfile.lock",
				"${PODS_ROOT}/Manifest.lock",
			);
			name = "[CP] Check Pods Manifest.lock";
			outputPaths = (
				"$(DERIVED_FILE_DIR)/Pods-KNPodlibDemo-checkManifestLockResult.txt",
			);
			runOnlyForDeploymentPostprocessing = 0;
			shellPath = /bin/sh;
			shellScript = "diff \"${PODS_PODFILE_DIR_PATH}/Podfile.lock\" \"${PODS_ROOT}/Manifest.lock\" > /dev/null\nif [ $? != 0 ] ; then\n    # print error to STDERR\n    echo \"error: The sandbox is not in sync with the Podfile.lock. Run 'pod install' or update your CocoaPods installation.\" >&2\n    exit 1\nfi\n# This output is used by Xcode 'outputs' to avoid re-running this script phase.\necho \"SUCCESS\" > \"${SCRIPT_OUTPUT_FILE_0}\"\n";
			showEnvVarsInLog = 0;
		};
/* End PBXShellScriptBuildPhase section */

/* Begin PBXSourcesBuildPhase section */
		E10947842092EB1300A1E659 /* Sources */ = {
			isa = PBXSourcesBuildPhase;
			buildActionMask = 2147483647;
			files = (
				E10947902092EB1400A1E659 /* ViewController.m in Sources */,
				E109479B2092EB1400A1E659 /* main.m in Sources */,
				E109478D2092EB1300A1E659 /* AppDelegate.m in Sources */,
			);
			runOnlyForDeploymentPostprocessing = 0;
		};
/* End PBXSourcesBuildPhase section */

/* Begin PBXVariantGroup section */
		E10947912092EB1400A1E659 /* Main.storyboard */ = {
			isa = PBXVariantGroup;
			children = (
				E10947922092EB1400A1E659 /* Base */,
			);
			name = Main.storyboard;
			sourceTree = "<group>";
		};
		E10947962092EB1400A1E659 /* LaunchScreen.storyboard */ = {
			isa = PBXVariantGroup;
			children = (
				E10947972092EB1400A1E659 /* Base */,
			);
			name = LaunchScreen.storyboard;
			sourceTree = "<group>";
		};
/* End PBXVariantGroup section */

/* Begin XCBuildConfiguration section */
		E109479C2092EB1400A1E659 /* Debug */ = {
			isa = XCBuildConfiguration;
			buildSettings = {
				ALWAYS_SEARCH_USER_PATHS = NO;
				CLANG_ANALYZER_NONNULL = YES;
				CLANG_ANALYZER_NUMBER_OBJECT_CONVERSION = YES_AGGRESSIVE;
				CLANG_CXX_LANGUAGE_STANDARD = "gnu++14";
				CLANG_CXX_LIBRARY = "libc++";
				CLANG_ENABLE_MODULES = YES;
				CLANG_ENABLE_OBJC_ARC = YES;
				CLANG_WARN_BLOCK_CAPTURE_AUTORELEASING = YES;
				CLANG_WARN_BOOL_CONVERSION = YES;
				CLANG_WARN_COMMA = YES;
				CLANG_WARN_CONSTANT_CONVERSION = YES;
				CLANG_WARN_DIRECT_OBJC_ISA_USAGE = YES_ERROR;
				CLANG_WARN_DOCUMENTATION_COMMENTS = YES;
				CLANG_WARN_EMPTY_BODY = YES;
				CLANG_WARN_ENUM_CONVERSION = YES;
				CLANG_WARN_INFINITE_RECURSION = YES;
				CLANG_WARN_INT_CONVERSION = YES;
				CLANG_WARN_NON_LITERAL_NULL_CONVERSION = YES;
				CLANG_WARN_OBJC_LITERAL_CONVERSION = YES;
				CLANG_WARN_OBJC_ROOT_CLASS = YES_ERROR;
				CLANG_WARN_RANGE_LOOP_ANALYSIS = YES;
				CLANG_WARN_STRICT_PROTOTYPES = YES;
				CLANG_WARN_SUSPICIOUS_MOVE = YES;
				CLANG_WARN_UNGUARDED_AVAILABILITY = YES_AGGRESSIVE;
				CLANG_WARN_UNREACHABLE_CODE = YES;
				CLANG_WARN__DUPLICATE_METHOD_MATCH = YES;
				CODE_SIGN_IDENTITY = "iPhone Developer";
				COPY_PHASE_STRIP = NO;
				DEBUG_INFORMATION_FORMAT = dwarf;
				ENABLE_STRICT_OBJC_MSGSEND = YES;
				ENABLE_TESTABILITY = YES;
				GCC_C_LANGUAGE_STANDARD = gnu11;
				GCC_DYNAMIC_NO_PIC = NO;
				GCC_NO_COMMON_BLOCKS = YES;
				GCC_OPTIMIZATION_LEVEL = 0;
				GCC_PREPROCESSOR_DEFINITIONS = (
					"DEBUG=1",
					"$(inherited)",
				);
				GCC_WARN_64_TO_32_BIT_CONVERSION = YES;
				GCC_WARN_ABOUT_RETURN_TYPE = YES_ERROR;
				GCC_WARN_UNDECLARED_SELECTOR = YES;
				GCC_WARN_UNINITIALIZED_AUTOS = YES_AGGRESSIVE;
				GCC_WARN_UNUSED_FUNCTION = YES;
				GCC_WARN_UNUSED_VARIABLE = YES;
				IPHONEOS_DEPLOYMENT_TARGET = 11.1;
				MTL_ENABLE_DEBUG_INFO = YES;
				ONLY_ACTIVE_ARCH = YES;
				SDKROOT = iphoneos;
			};
			name = Debug;
		};
		E109479D2092EB1400A1E659 /* Release */ = {
			isa = XCBuildConfiguration;
			buildSettings = {
				ALWAYS_SEARCH_USER_PATHS = NO;
				CLANG_ANALYZER_NONNULL = YES;
				CLANG_ANALYZER_NUMBER_OBJECT_CONVERSION = YES_AGGRESSIVE;
				CLANG_CXX_LANGUAGE_STANDARD = "gnu++14";
				CLANG_CXX_LIBRARY = "libc++";
				CLANG_ENABLE_MODULES = YES;
				CLANG_ENABLE_OBJC_ARC = YES;
				CLANG_WARN_BLOCK_CAPTURE_AUTORELEASING = YES;
				CLANG_WARN_BOOL_CONVERSION = YES;
				CLANG_WARN_COMMA = YES;
				CLANG_WARN_CONSTANT_CONVERSION = YES;
				CLANG_WARN_DIRECT_OBJC_ISA_USAGE = YES_ERROR;
				CLANG_WARN_DOCUMENTATION_COMMENTS = YES;
				CLANG_WARN_EMPTY_BODY = YES;
				CLANG_WARN_ENUM_CONVERSION = YES;
				CLANG_WARN_INFINITE_RECURSION = YES;
				CLANG_WARN_INT_CONVERSION = YES;
				CLANG_WARN_NON_LITERAL_NULL_CONVERSION = YES;
				CLANG_WARN_OBJC_LITERAL_CONVERSION = YES;
				CLANG_WARN_OBJC_ROOT_CLASS = YES_ERROR;
				CLANG_WARN_RANGE_LOOP_ANALYSIS = YES;
				CLANG_WARN_STRICT_PROTOTYPES = YES;
				CLANG_WARN_SUSPICIOUS_MOVE = YES;
				CLANG_WARN_UNGUARDED_AVAILABILITY = YES_AGGRESSIVE;
				CLANG_WARN_UNREACHABLE_CODE = YES;
				CLANG_WARN__DUPLICATE_METHOD_MATCH = YES;
				CODE_SIGN_IDENTITY = "iPhone Developer";
				COPY_PHASE_STRIP = NO;
				DEBUG_INFORMATION_FORMAT = "dwarf-with-dsym";
				ENABLE_NS_ASSERTIONS = NO;
				ENABLE_STRICT_OBJC_MSGSEND = YES;
				GCC_C_LANGUAGE_STANDARD = gnu11;
				GCC_NO_COMMON_BLOCKS = YES;
				GCC_WARN_64_TO_32_BIT_CONVERSION = YES;
				GCC_WARN_ABOUT_RETURN_TYPE = YES_ERROR;
				GCC_WARN_UNDECLARED_SELECTOR = YES;
				GCC_WARN_UNINITIALIZED_AUTOS = YES_AGGRESSIVE;
				GCC_WARN_UNUSED_FUNCTION = YES;
				GCC_WARN_UNUSED_VARIABLE = YES;
				IPHONEOS_DEPLOYMENT_TARGET = 11.1;
				MTL_ENABLE_DEBUG_INFO = NO;
				SDKROOT = iphoneos;
				VALIDATE_PRODUCT = YES;
			};
			name = Release;
		};
		E109479F2092EB1400A1E659 /* Debug */ = {
			isa = XCBuildConfiguration;
			baseConfigurationReference = E95D561A202D9CE87DE078E8 /* Pods-KNPodlibDemo.debug.xcconfig */;
			buildSettings = {
				ASSETCATALOG_COMPILER_APPICON_NAME = AppIcon;
				CODE_SIGN_STYLE = Automatic;
				DEVELOPMENT_TEAM = UVWU8XCYJX;
				INFOPLIST_FILE = KNPodlibDemo/Info.plist;
				LD_RUNPATH_SEARCH_PATHS = "$(inherited) @executable_path/Frameworks";
				PRODUCT_BUNDLE_IDENTIFIER = kunnan.KNPodlibDemo;
				PRODUCT_NAME = "$(TARGET_NAME)";
				TARGETED_DEVICE_FAMILY = "1,2";
			};
			name = Debug;
		};
		E10947A02092EB1400A1E659 /* Release */ = {
			isa = XCBuildConfiguration;
			baseConfigurationReference = FF206C255DEC9B294C6B99D7 /* Pods-KNPodlibDemo.release.xcconfig */;
			buildSettings = {
				ASSETCATALOG_COMPILER_APPICON_NAME = AppIcon;
				CODE_SIGN_STYLE = Automatic;
				DEVELOPMENT_TEAM = UVWU8XCYJX;
				INFOPLIST_FILE = KNPodlibDemo/Info.plist;
				LD_RUNPATH_SEARCH_PATHS = "$(inherited) @executable_path/Frameworks";
				PRODUCT_BUNDLE_IDENTIFIER = kunnan.KNPodlibDemo;
				PRODUCT_NAME = "$(TARGET_NAME)";
				TARGETED_DEVICE_FAMILY = "1,2";
			};
			name = Release;
		};
/* End XCBuildConfiguration section */

/* Begin XCConfigurationList section */
		E10947832092EB1300A1E659 /* Build configuration list for PBXProject "KNPodlibDemo" */ = {
			isa = XCConfigurationList;
			buildConfigurations = (
				E109479C2092EB1400A1E659 /* Debug */,
				E109479D2092EB1400A1E659 /* Release */,
			);
			defaultConfigurationIsVisible = 0;
			defaultConfigurationName = Release;
		};
		E109479E2092EB1400A1E659 /* Build configuration list for PBXNativeTarget "KNPodlibDemo" */ = {
			isa = XCConfigurationList;
			buildConfigurations = (
				E109479F2092EB1400A1E659 /* Debug */,
				E10947A02092EB1400A1E659 /* Release */,
			);
			defaultConfigurationIsVisible = 0;
			defaultConfigurationName = Release;
		};
/* End XCConfigurationList section */
	};
	rootObject = E10947802092EB1300A1E659 /* Project object */;
}
